{
  "name": "dk.team4.frontend",
  "lockfileVersion": 2,
  "requires": true,
  "packages": {
    "": {
      "dependencies": {
        "dawa-autocomplete2": "^1.0.2"
      }
    },
    "node_modules/dawa-autocomplete2": {
      "version": "1.0.2",
      "resolved": "https://registry.npmjs.org/dawa-autocomplete2/-/dawa-autocomplete2-1.0.2.tgz",
      "integrity": "sha512-9CrVy2B/WR8tDQZDIHlQ9CPD6tDKzRiFGJzQHz04+bczsfTwkJmBGuRMS20XHTedvYr20cIVD6EZ7B/2DfwtlA=="
    }
  },
  "dependencies": {
    "dawa-autocomplete2": {
      "version": "1.0.2",
      "resolved": "https://registry.npmjs.org/dawa-autocomplete2/-/dawa-autocomplete2-1.0.2.tgz",
      "integrity": "sha512-9CrVy2B/WR8tDQZDIHlQ9CPD6tDKzRiFGJzQHz04+bczsfTwkJmBGuRMS20XHTedvYr20cIVD6EZ7B/2DfwtlA=="
    }
  }
}
